
Microsoft Visual Studio Solution File, Format Version 12.00
# Visual Studio Version 17
VisualStudioVersion = 17.14.36121.58 d17.14
MinimumVisualStudioVersion = 10.0.40219.1
Project("{FAE04EC0-301F-11D3-BF4B-00C04F79EFBC}") = "WinFormsAsyncProgramming", "WinFormsAsyncProgramming\WinFormsAsyncProgramming.csproj", "{0A076D62-7D30-416E-AF0F-A20A07E2701D}"
EndProject
Global
	GlobalSection(SolutionConfigurationPlatforms) = preSolution
		Debug|Any CPU = Debug|Any CPU
		Release|Any CPU = Release|Any CPU
	EndGlobalSection
	GlobalSection(ProjectConfigurationPlatforms) = postSolution
		{0A076D62-7D30-416E-AF0F-A20A07E2701D}.Debug|Any CPU.ActiveCfg = Debug|Any CPU
		{0A076D62-7D30-416E-AF0F-A20A07E2701D}.Debug|Any CPU.Build.0 = Debug|Any CPU
		{0A076D62-7D30-416E-AF0F-A20A07E2701D}.Release|Any CPU.ActiveCfg = Release|Any CPU
		{0A076D62-7D30-416E-AF0F-A20A07E2701D}.Release|Any CPU.Build.0 = Release|Any CPU
	EndGlobalSection
	GlobalSection(SolutionProperties) = preSolution
		HideSolutionNode = FALSE
	EndGlobalSection
	GlobalSection(ExtensibilityGlobals) = postSolution
		SolutionGuid = {5D8D2BD0-DFF8-4D64-A31B-10182F64005D}
	EndGlobalSection
EndGlobal
