
Microsoft Visual Studio Solution File, Format Version 12.00
# Visual Studio Version 17
VisualStudioVersion = 17.14.36121.58 d17.14
MinimumVisualStudioVersion = 10.0.40219.1
Project("{FAE04EC0-301F-11D3-BF4B-00C04F79EFBC}") = "WelcomeApp", "WelcomeApp\WelcomeApp.csproj", "{60314F5A-305B-4B25-9655-0AEA88138E02}"
EndProject
Global
	GlobalSection(SolutionConfigurationPlatforms) = preSolution
		Debug|Any CPU = Debug|Any CPU
		Release|Any CPU = Release|Any CPU
	EndGlobalSection
	GlobalSection(ProjectConfigurationPlatforms) = postSolution
		{60314F5A-305B-4B25-9655-0AEA88138E02}.Debug|Any CPU.ActiveCfg = Debug|Any CPU
		{60314F5A-305B-4B25-9655-0AEA88138E02}.Debug|Any CPU.Build.0 = Debug|Any CPU
		{60314F5A-305B-4B25-9655-0AEA88138E02}.Release|Any CPU.ActiveCfg = Release|Any CPU
		{60314F5A-305B-4B25-9655-0AEA88138E02}.Release|Any CPU.Build.0 = Release|Any CPU
	EndGlobalSection
	GlobalSection(SolutionProperties) = preSolution
		HideSolutionNode = FALSE
	EndGlobalSection
	GlobalSection(ExtensibilityGlobals) = postSolution
		SolutionGuid = {742180C0-9CD9-4DE3-8FB6-A83BE56D5158}
	EndGlobalSection
EndGlobal
