
Microsoft Visual Studio Solution File, Format Version 12.00
# Visual Studio Version 17
VisualStudioVersion = 17.14.36121.58 d17.14
MinimumVisualStudioVersion = 10.0.40219.1
Project("{FAE04EC0-301F-11D3-BF4B-00C04F79EFBC}") = "PublisherLib", "PublisherLib\PublisherLib.csproj", "{A6423BD2-3D2F-403E-9A5F-8AEFB434BCF3}"
EndProject
Project("{FAE04EC0-301F-11D3-BF4B-00C04F79EFBC}") = "ConsoleSubscriberClientApp", "ConsoleSubscriberClientApp\ConsoleSubscriberClientApp.csproj", "{6D542B62-F040-4124-BFE0-0F9F885C5A44}"
EndProject
Global
	GlobalSection(SolutionConfigurationPlatforms) = preSolution
		Debug|Any CPU = Debug|Any CPU
		Release|Any CPU = Release|Any CPU
	EndGlobalSection
	GlobalSection(ProjectConfigurationPlatforms) = postSolution
		{A6423BD2-3D2F-403E-9A5F-8AEFB434BCF3}.Debug|Any CPU.ActiveCfg = Debug|Any CPU
		{A6423BD2-3D2F-403E-9A5F-8AEFB434BCF3}.Debug|Any CPU.Build.0 = Debug|Any CPU
		{A6423BD2-3D2F-403E-9A5F-8AEFB434BCF3}.Release|Any CPU.ActiveCfg = Release|Any CPU
		{A6423BD2-3D2F-403E-9A5F-8AEFB434BCF3}.Release|Any CPU.Build.0 = Release|Any CPU
		{6D542B62-F040-4124-BFE0-0F9F885C5A44}.Debug|Any CPU.ActiveCfg = Debug|Any CPU
		{6D542B62-F040-4124-BFE0-0F9F885C5A44}.Debug|Any CPU.Build.0 = Debug|Any CPU
		{6D542B62-F040-4124-BFE0-0F9F885C5A44}.Release|Any CPU.ActiveCfg = Release|Any CPU
		{6D542B62-F040-4124-BFE0-0F9F885C5A44}.Release|Any CPU.Build.0 = Release|Any CPU
	EndGlobalSection
	GlobalSection(SolutionProperties) = preSolution
		HideSolutionNode = FALSE
	EndGlobalSection
	GlobalSection(ExtensibilityGlobals) = postSolution
		SolutionGuid = {CAD224F7-BB57-402C-A934-A01F6BF5435A}
	EndGlobalSection
EndGlobal
