
Microsoft Visual Studio Solution File, Format Version 12.00
# Visual Studio Version 17
VisualStudioVersion = 17.14.36121.58 d17.14
MinimumVisualStudioVersion = 10.0.40219.1
Project("{FAE04EC0-301F-11D3-BF4B-00C04F79EFBC}") = "PublisherEventLib", "PublisherEventLib\PublisherEventLib.csproj", "{A8DA3BD8-3D88-4433-8AA7-D81BDD854A30}"
EndProject
Project("{FAE04EC0-301F-11D3-BF4B-00C04F79EFBC}") = "ConsoleSubcriberApp", "ConsoleSubcriberApp\ConsoleSubcriberApp.csproj", "{8A707FFF-887E-4E06-9FA4-3C0B04B18EC6}"
EndProject
Global
	GlobalSection(SolutionConfigurationPlatforms) = preSolution
		Debug|Any CPU = Debug|Any CPU
		Release|Any CPU = Release|Any CPU
	EndGlobalSection
	GlobalSection(ProjectConfigurationPlatforms) = postSolution
		{A8DA3BD8-3D88-4433-8AA7-D81BDD854A30}.Debug|Any CPU.ActiveCfg = Debug|Any CPU
		{A8DA3BD8-3D88-4433-8AA7-D81BDD854A30}.Debug|Any CPU.Build.0 = Debug|Any CPU
		{A8DA3BD8-3D88-4433-8AA7-D81BDD854A30}.Release|Any CPU.ActiveCfg = Release|Any CPU
		{A8DA3BD8-3D88-4433-8AA7-D81BDD854A30}.Release|Any CPU.Build.0 = Release|Any CPU
		{8A707FFF-887E-4E06-9FA4-3C0B04B18EC6}.Debug|Any CPU.ActiveCfg = Debug|Any CPU
		{8A707FFF-887E-4E06-9FA4-3C0B04B18EC6}.Debug|Any CPU.Build.0 = Debug|Any CPU
		{8A707FFF-887E-4E06-9FA4-3C0B04B18EC6}.Release|Any CPU.ActiveCfg = Release|Any CPU
		{8A707FFF-887E-4E06-9FA4-3C0B04B18EC6}.Release|Any CPU.Build.0 = Release|Any CPU
	EndGlobalSection
	GlobalSection(SolutionProperties) = preSolution
		HideSolutionNode = FALSE
	EndGlobalSection
	GlobalSection(ExtensibilityGlobals) = postSolution
		SolutionGuid = {9B556EF4-155F-4345-AC55-3F258B34E093}
	EndGlobalSection
EndGlobal
