
Microsoft Visual Studio Solution File, Format Version 12.00
# Visual Studio Version 17
VisualStudioVersion = 17.14.36121.58 d17.14
MinimumVisualStudioVersion = 10.0.40219.1
Project("{FAE04EC0-301F-11D3-BF4B-00C04F79EFBC}") = "SimpleDelegateApp", "SimpleDelegateApp\SimpleDelegateApp.csproj", "{1189E187-B8E9-4CEB-900B-40DDD2EFEF92}"
EndProject
Global
	GlobalSection(SolutionConfigurationPlatforms) = preSolution
		Debug|Any CPU = Debug|Any CPU
		Release|Any CPU = Release|Any CPU
	EndGlobalSection
	GlobalSection(ProjectConfigurationPlatforms) = postSolution
		{1189E187-B8E9-4CEB-900B-40DDD2EFEF92}.Debug|Any CPU.ActiveCfg = Debug|Any CPU
		{1189E187-B8E9-4CEB-900B-40DDD2EFEF92}.Debug|Any CPU.Build.0 = Debug|Any CPU
		{1189E187-B8E9-4CEB-900B-40DDD2EFEF92}.Release|Any CPU.ActiveCfg = Release|Any CPU
		{1189E187-B8E9-4CEB-900B-40DDD2EFEF92}.Release|Any CPU.Build.0 = Release|Any CPU
	EndGlobalSection
	GlobalSection(SolutionProperties) = preSolution
		HideSolutionNode = FALSE
	EndGlobalSection
	GlobalSection(ExtensibilityGlobals) = postSolution
		SolutionGuid = {B6DCE3C7-8B7A-4B7D-97CD-4205CFFB6B82}
	EndGlobalSection
EndGlobal
