
Microsoft Visual Studio Solution File, Format Version 12.00
# Visual Studio Version 17
VisualStudioVersion = 17.14.36121.58 d17.14
MinimumVisualStudioVersion = 10.0.40219.1
Project("{FAE04EC0-301F-11D3-BF4B-00C04F79EFBC}") = "RectanglePropertiesApp", "RectanglePropertiesApp\RectanglePropertiesApp.csproj", "{28FF38D4-0A0F-430F-AFE2-E77E3A5D5F3C}"
EndProject
Global
	GlobalSection(SolutionConfigurationPlatforms) = preSolution
		Debug|Any CPU = Debug|Any CPU
		Release|Any CPU = Release|Any CPU
	EndGlobalSection
	GlobalSection(ProjectConfigurationPlatforms) = postSolution
		{28FF38D4-0A0F-430F-AFE2-E77E3A5D5F3C}.Debug|Any CPU.ActiveCfg = Debug|Any CPU
		{28FF38D4-0A0F-430F-AFE2-E77E3A5D5F3C}.Debug|Any CPU.Build.0 = Debug|Any CPU
		{28FF38D4-0A0F-430F-AFE2-E77E3A5D5F3C}.Release|Any CPU.ActiveCfg = Release|Any CPU
		{28FF38D4-0A0F-430F-AFE2-E77E3A5D5F3C}.Release|Any CPU.Build.0 = Release|Any CPU
	EndGlobalSection
	GlobalSection(SolutionProperties) = preSolution
		HideSolutionNode = FALSE
	EndGlobalSection
	GlobalSection(ExtensibilityGlobals) = postSolution
		SolutionGuid = {146E9DAD-DB1D-4F0F-830C-BA8542C080E5}
	EndGlobalSection
EndGlobal
