
Microsoft Visual Studio Solution File, Format Version 12.00
# Visual Studio Version 17
VisualStudioVersion = 17.14.36121.58 d17.14
MinimumVisualStudioVersion = 10.0.40219.1
Project("{FAE04EC0-301F-11D3-BF4B-00C04F79EFBC}") = "PreBuiltDelegateApp", "PreBuiltDelegateApp\PreBuiltDelegateApp.csproj", "{05D6B228-A772-4924-95F2-B69E71C09AA8}"
EndProject
Global
	GlobalSection(SolutionConfigurationPlatforms) = preSolution
		Debug|Any CPU = Debug|Any CPU
		Release|Any CPU = Release|Any CPU
	EndGlobalSection
	GlobalSection(ProjectConfigurationPlatforms) = postSolution
		{05D6B228-A772-4924-95F2-B69E71C09AA8}.Debug|Any CPU.ActiveCfg = Debug|Any CPU
		{05D6B228-A772-4924-95F2-B69E71C09AA8}.Debug|Any CPU.Build.0 = Debug|Any CPU
		{05D6B228-A772-4924-95F2-B69E71C09AA8}.Release|Any CPU.ActiveCfg = Release|Any CPU
		{05D6B228-A772-4924-95F2-B69E71C09AA8}.Release|Any CPU.Build.0 = Release|Any CPU
	EndGlobalSection
	GlobalSection(SolutionProperties) = preSolution
		HideSolutionNode = FALSE
	EndGlobalSection
	GlobalSection(ExtensibilityGlobals) = postSolution
		SolutionGuid = {2BBEACB7-FF78-470E-B46C-480C95B188FA}
	EndGlobalSection
EndGlobal
