
Microsoft Visual Studio Solution File, Format Version 12.00
# Visual Studio Version 17
VisualStudioVersion = 17.14.36121.58 d17.14
MinimumVisualStudioVersion = 10.0.40219.1
Project("{FAE04EC0-301F-11D3-BF4B-00C04F79EFBC}") = "SimpleEntityFrameworkApp", "SimpleEntityFrameworkApp\SimpleEntityFrameworkApp.csproj", "{2A2795A9-5923-4FC6-A6C3-8E10D514A306}"
EndProject
Global
	GlobalSection(SolutionConfigurationPlatforms) = preSolution
		Debug|Any CPU = Debug|Any CPU
		Release|Any CPU = Release|Any CPU
	EndGlobalSection
	GlobalSection(ProjectConfigurationPlatforms) = postSolution
		{2A2795A9-5923-4FC6-A6C3-8E10D514A306}.Debug|Any CPU.ActiveCfg = Debug|Any CPU
		{2A2795A9-5923-4FC6-A6C3-8E10D514A306}.Debug|Any CPU.Build.0 = Debug|Any CPU
		{2A2795A9-5923-4FC6-A6C3-8E10D514A306}.Release|Any CPU.ActiveCfg = Release|Any CPU
		{2A2795A9-5923-4FC6-A6C3-8E10D514A306}.Release|Any CPU.Build.0 = Release|Any CPU
	EndGlobalSection
	GlobalSection(SolutionProperties) = preSolution
		HideSolutionNode = FALSE
	EndGlobalSection
	GlobalSection(ExtensibilityGlobals) = postSolution
		SolutionGuid = {D58C1EB8-AA77-4CEB-8642-6DF72EC2FAE3}
	EndGlobalSection
EndGlobal
