
Microsoft Visual Studio Solution File, Format Version 12.00
# Visual Studio Version 17
VisualStudioVersion = 17.13.35828.75 d17.13
MinimumVisualStudioVersion = 10.0.40219.1
Project("{FAE04EC0-301F-11D3-BF4B-00C04F79EFBC}") = "WpfApp1", "WpfApp1\WpfApp1.csproj", "{68038297-F427-4A6A-815A-70C8C5647CB6}"
EndProject
Global
	GlobalSection(SolutionConfigurationPlatforms) = preSolution
		Debug|Any CPU = Debug|Any CPU
		Release|Any CPU = Release|Any CPU
	EndGlobalSection
	GlobalSection(ProjectConfigurationPlatforms) = postSolution
		{68038297-F427-4A6A-815A-70C8C5647CB6}.Debug|Any CPU.ActiveCfg = Debug|Any CPU
		{68038297-F427-4A6A-815A-70C8C5647CB6}.Debug|Any CPU.Build.0 = Debug|Any CPU
		{68038297-F427-4A6A-815A-70C8C5647CB6}.Release|Any CPU.ActiveCfg = Release|Any CPU
		{68038297-F427-4A6A-815A-70C8C5647CB6}.Release|Any CPU.Build.0 = Release|Any CPU
	EndGlobalSection
	GlobalSection(SolutionProperties) = preSolution
		HideSolutionNode = FALSE
	EndGlobalSection
	GlobalSection(ExtensibilityGlobals) = postSolution
		SolutionGuid = {0DAD0A08-C2B7-42F3-91E5-74035A0DB087}
	EndGlobalSection
EndGlobal
